
Microsoft Visual Studio Solution File, Format Version 12.00
# Visual Studio Version 17
VisualStudioVersion = 17.11.35312.102
MinimumVisualStudioVersion = 10.0.40219.1
Project("{9A19103F-16F7-4668-BE54-9A1E7A4F7556}") = "AirTicketBooking_Backend", "AirTicketBooking_Backend\AirTicketBooking_Backend.csproj", "{EA9ED101-7928-46D6-98F1-0043066BA229}"
EndProject
Project("{FAE04EC0-301F-11D3-BF4B-00C04F79EFBC}") = "AitTicketBookingTestProject", "AitTicketBookingTestProject\AitTicketBookingTestProject.csproj", "{14596627-893D-4DF0-A6D6-D24E03EE09F2}"
EndProject
Global
	GlobalSection(SolutionConfigurationPlatforms) = preSolution
		Debug|Any CPU = Debug|Any CPU
		Release|Any CPU = Release|Any CPU
	EndGlobalSection
	GlobalSection(ProjectConfigurationPlatforms) = postSolution
		{EA9ED101-7928-46D6-98F1-0043066BA229}.Debug|Any CPU.ActiveCfg = Debug|Any CPU
		{EA9ED101-7928-46D6-98F1-0043066BA229}.Debug|Any CPU.Build.0 = Debug|Any CPU
		{EA9ED101-7928-46D6-98F1-0043066BA229}.Release|Any CPU.ActiveCfg = Release|Any CPU
		{EA9ED101-7928-46D6-98F1-0043066BA229}.Release|Any CPU.Build.0 = Release|Any CPU
		{14596627-893D-4DF0-A6D6-D24E03EE09F2}.Debug|Any CPU.ActiveCfg = Debug|Any CPU
		{14596627-893D-4DF0-A6D6-D24E03EE09F2}.Debug|Any CPU.Build.0 = Debug|Any CPU
		{14596627-893D-4DF0-A6D6-D24E03EE09F2}.Release|Any CPU.ActiveCfg = Release|Any CPU
		{14596627-893D-4DF0-A6D6-D24E03EE09F2}.Release|Any CPU.Build.0 = Release|Any CPU
	EndGlobalSection
	GlobalSection(SolutionProperties) = preSolution
		HideSolutionNode = FALSE
	EndGlobalSection
	GlobalSection(ExtensibilityGlobals) = postSolution
		SolutionGuid = {90C6D5AB-F8BC-41FA-ACD7-AECA4B25E4B9}
	EndGlobalSection
EndGlobal
